
Microsoft Visual Studio Solution File, Format Version 12.00
# Visual Studio Version 17
VisualStudioVersion = 17.14.36429.23
MinimumVisualStudioVersion = 10.0.40219.1
Project("{2150E333-8FDC-42A3-9474-1A3956D46DE8}") = "Task0", "Task0", "{02EA681E-C7D8-13C7-8484-4AC65E1B71E8}"
EndProject
Project("{FAE04EC0-301F-11D3-BF4B-00C04F79EFBC}") = "Tyuiu.MarakovAD.Sprint3.Task0.V4", "Tyuiu.MarakovAD.Sprint3.Task0.V4\Tyuiu.MarakovAD.Sprint3.Task0.V4.csproj", "{404AE747-EA54-45EE-A18A-82C6F72B3C00}"
EndProject
Project("{FAE04EC0-301F-11D3-BF4B-00C04F79EFBC}") = "Tyuiu.MarakovAD.Sprint3.Task0.V4.Lib", "Tyuiu.MarakovAD.Sprint3.Task0.V4.Lib\Tyuiu.MarakovAD.Sprint3.Task0.V4.Lib.csproj", "{0E1E9404-02CC-4573-AA49-660D24D43902}"
EndProject
Project("{FAE04EC0-301F-11D3-BF4B-00C04F79EFBC}") = "Tyuiu.MarakovAD.Sprint3.Task0.V4.Test", "Tyuiu.MarakovAD.Sprint3.Task0.V4.Test\Tyuiu.MarakovAD.Sprint3.Task0.V4.Test.csproj", "{3E948CE4-840B-4876-9AA3-AD3CC0284C6A}"
EndProject
Project("{2150E333-8FDC-42A3-9474-1A3956D46DE8}") = "Task1", "Task1", "{D86AFA1B-5AC1-4638-908C-DE3F5211074A}"
EndProject
Project("{FAE04EC0-301F-11D3-BF4B-00C04F79EFBC}") = "Tyuiu.MarakovAD.Sprint3.Task1.V4", "Tyuiu.MarakovAD.Sprint3.Task1.V4\Tyuiu.MarakovAD.Sprint3.Task1.V4.csproj", "{C6DF5E1F-13E9-45A7-A34B-E7F352622E45}"
EndProject
Project("{FAE04EC0-301F-11D3-BF4B-00C04F79EFBC}") = "Tyuiu.MarakovAD.Sprint3.Task1.V4.Lib", "Tyuiu.MarakovAD.Sprint3.Task1.V4.Lib\Tyuiu.MarakovAD.Sprint3.Task1.V4.Lib.csproj", "{DF47ABB3-3A2A-43D7-AF0F-05C9BF4B27BC}"
EndProject
Project("{FAE04EC0-301F-11D3-BF4B-00C04F79EFBC}") = "Tyuiu.MarakovAD.Sprint3.Task1.V4.Test", "Tyuiu.MarakovAD.Sprint3.Task1.V4.Test\Tyuiu.MarakovAD.Sprint3.Task1.V4.Test.csproj", "{4C2A97D2-152A-4F88-BBF5-29B856B31EBD}"
EndProject
Project("{2150E333-8FDC-42A3-9474-1A3956D46DE8}") = "Task2", "Task2", "{1D8D8A75-50FD-41A8-8A54-1FEB22EDCADE}"
EndProject
Project("{FAE04EC0-301F-11D3-BF4B-00C04F79EFBC}") = "Tyuiu.MarakovAD.Sprint3.Task2.V6", "Tyuiu.MarakovAD.Sprint3.Task2.V6\Tyuiu.MarakovAD.Sprint3.Task2.V6.csproj", "{E18452AE-AF93-446E-B88C-5BD7D4043338}"
EndProject
Project("{FAE04EC0-301F-11D3-BF4B-00C04F79EFBC}") = "Tyuiu.MarakovAD.Sprint3.Task2.V6.Lib", "Tyuiu.MarakovAD.Sprint3.Task2.V6.Lib\Tyuiu.MarakovAD.Sprint3.Task2.V6.Lib.csproj", "{68BFA93C-52E5-4AA5-93F2-660A8EEA89A7}"
EndProject
Project("{FAE04EC0-301F-11D3-BF4B-00C04F79EFBC}") = "Tyuiu.MarakovAD.Sprint3.Task2.V6.Test", "Tyuiu.MarakovAD.Sprint3.Task2.V6.Test\Tyuiu.MarakovAD.Sprint3.Task2.V6.Test.csproj", "{553D67C8-F529-460E-A5F8-A97160AC35F2}"
EndProject
Project("{2150E333-8FDC-42A3-9474-1A3956D46DE8}") = "Task3", "Task3", "{6D0D3F4F-876D-4D0A-B6E4-2ECB9274AF8F}"
EndProject
Project("{FAE04EC0-301F-11D3-BF4B-00C04F79EFBC}") = "Tyuiu.MarakovAD.Sprint3.Task3.V13", "Tyuiu.MarakovAD.Sprint3.Task3.V13\Tyuiu.MarakovAD.Sprint3.Task3.V13.csproj", "{91532F41-2E83-476D-A969-3EABBC292722}"
EndProject
Project("{FAE04EC0-301F-11D3-BF4B-00C04F79EFBC}") = "Tyuiu.MarakovAD.Sprint3.Task3.V13.Lib", "Tyuiu.MarakovAD.Sprint3.Task3.V13.Lib\Tyuiu.MarakovAD.Sprint3.Task3.V13.Lib.csproj", "{B20101C8-8ECE-434F-AC99-397135DF16B6}"
EndProject
Project("{FAE04EC0-301F-11D3-BF4B-00C04F79EFBC}") = "Tyuiu.MarakovAD.Sprint3.Task3.V13.Test", "Tyuiu.MarakovAD.Sprint3.Task3.V13.Test\Tyuiu.MarakovAD.Sprint3.Task3.V13.Test.csproj", "{6451A873-1A4C-49CE-A096-029E2ED449CC}"
EndProject
Project("{2150E333-8FDC-42A3-9474-1A3956D46DE8}") = "Task4", "Task4", "{CD1BC037-BE97-4381-B5F5-43DDBCCD478E}"
EndProject
Project("{FAE04EC0-301F-11D3-BF4B-00C04F79EFBC}") = "Tyuiu.MarakovAD.Sprint3.Task4.V13", "Tyuiu.MarakovAD.Sprint3.Task4.V13\Tyuiu.MarakovAD.Sprint3.Task4.V13.csproj", "{D907BFA9-D307-44B1-8CDF-D96AC4178B3F}"
EndProject
Project("{FAE04EC0-301F-11D3-BF4B-00C04F79EFBC}") = "Tyuiu.MarakovAD.Sprint3.Task4.V13.Lib", "Tyuiu.MarakovAD.Sprint3.Task4.V13.Lib\Tyuiu.MarakovAD.Sprint3.Task4.V13.Lib.csproj", "{1F0ED107-E509-4C79-906D-BC526AE4E5B2}"
EndProject
Project("{FAE04EC0-301F-11D3-BF4B-00C04F79EFBC}") = "Tyuiu.MarakovAD.Sprint3.Task4.V13.Test", "Tyuiu.MarakovAD.Sprint3.Task4.V13.Test\Tyuiu.MarakovAD.Sprint3.Task4.V13.Test.csproj", "{FF1726C9-C710-48BD-B1F4-B9E3EE12F2E0}"
EndProject
Global
	GlobalSection(SolutionConfigurationPlatforms) = preSolution
		Debug|Any CPU = Debug|Any CPU
		Release|Any CPU = Release|Any CPU
	EndGlobalSection
	GlobalSection(ProjectConfigurationPlatforms) = postSolution
		{404AE747-EA54-45EE-A18A-82C6F72B3C00}.Debug|Any CPU.ActiveCfg = Debug|Any CPU
		{404AE747-EA54-45EE-A18A-82C6F72B3C00}.Debug|Any CPU.Build.0 = Debug|Any CPU
		{404AE747-EA54-45EE-A18A-82C6F72B3C00}.Release|Any CPU.ActiveCfg = Release|Any CPU
		{404AE747-EA54-45EE-A18A-82C6F72B3C00}.Release|Any CPU.Build.0 = Release|Any CPU
		{0E1E9404-02CC-4573-AA49-660D24D43902}.Debug|Any CPU.ActiveCfg = Debug|Any CPU
		{0E1E9404-02CC-4573-AA49-660D24D43902}.Debug|Any CPU.Build.0 = Debug|Any CPU
		{0E1E9404-02CC-4573-AA49-660D24D43902}.Release|Any CPU.ActiveCfg = Release|Any CPU
		{0E1E9404-02CC-4573-AA49-660D24D43902}.Release|Any CPU.Build.0 = Release|Any CPU
		{3E948CE4-840B-4876-9AA3-AD3CC0284C6A}.Debug|Any CPU.ActiveCfg = Debug|Any CPU
		{3E948CE4-840B-4876-9AA3-AD3CC0284C6A}.Debug|Any CPU.Build.0 = Debug|Any CPU
		{3E948CE4-840B-4876-9AA3-AD3CC0284C6A}.Release|Any CPU.ActiveCfg = Release|Any CPU
		{3E948CE4-840B-4876-9AA3-AD3CC0284C6A}.Release|Any CPU.Build.0 = Release|Any CPU
		{C6DF5E1F-13E9-45A7-A34B-E7F352622E45}.Debug|Any CPU.ActiveCfg = Debug|Any CPU
		{C6DF5E1F-13E9-45A7-A34B-E7F352622E45}.Debug|Any CPU.Build.0 = Debug|Any CPU
		{C6DF5E1F-13E9-45A7-A34B-E7F352622E45}.Release|Any CPU.ActiveCfg = Release|Any CPU
		{C6DF5E1F-13E9-45A7-A34B-E7F352622E45}.Release|Any CPU.Build.0 = Release|Any CPU
		{DF47ABB3-3A2A-43D7-AF0F-05C9BF4B27BC}.Debug|Any CPU.ActiveCfg = Debug|Any CPU
		{DF47ABB3-3A2A-43D7-AF0F-05C9BF4B27BC}.Debug|Any CPU.Build.0 = Debug|Any CPU
		{DF47ABB3-3A2A-43D7-AF0F-05C9BF4B27BC}.Release|Any CPU.ActiveCfg = Release|Any CPU
		{DF47ABB3-3A2A-43D7-AF0F-05C9BF4B27BC}.Release|Any CPU.Build.0 = Release|Any CPU
		{4C2A97D2-152A-4F88-BBF5-29B856B31EBD}.Debug|Any CPU.ActiveCfg = Debug|Any CPU
		{4C2A97D2-152A-4F88-BBF5-29B856B31EBD}.Debug|Any CPU.Build.0 = Debug|Any CPU
		{4C2A97D2-152A-4F88-BBF5-29B856B31EBD}.Release|Any CPU.ActiveCfg = Release|Any CPU
		{4C2A97D2-152A-4F88-BBF5-29B856B31EBD}.Release|Any CPU.Build.0 = Release|Any CPU
		{E18452AE-AF93-446E-B88C-5BD7D4043338}.Debug|Any CPU.ActiveCfg = Debug|Any CPU
		{E18452AE-AF93-446E-B88C-5BD7D4043338}.Debug|Any CPU.Build.0 = Debug|Any CPU
		{E18452AE-AF93-446E-B88C-5BD7D4043338}.Release|Any CPU.ActiveCfg = Release|Any CPU
		{E18452AE-AF93-446E-B88C-5BD7D4043338}.Release|Any CPU.Build.0 = Release|Any CPU
		{68BFA93C-52E5-4AA5-93F2-660A8EEA89A7}.Debug|Any CPU.ActiveCfg = Debug|Any CPU
		{68BFA93C-52E5-4AA5-93F2-660A8EEA89A7}.Debug|Any CPU.Build.0 = Debug|Any CPU
		{68BFA93C-52E5-4AA5-93F2-660A8EEA89A7}.Release|Any CPU.ActiveCfg = Release|Any CPU
		{68BFA93C-52E5-4AA5-93F2-660A8EEA89A7}.Release|Any CPU.Build.0 = Release|Any CPU
		{553D67C8-F529-460E-A5F8-A97160AC35F2}.Debug|Any CPU.ActiveCfg = Debug|Any CPU
		{553D67C8-F529-460E-A5F8-A97160AC35F2}.Debug|Any CPU.Build.0 = Debug|Any CPU
		{553D67C8-F529-460E-A5F8-A97160AC35F2}.Release|Any CPU.ActiveCfg = Release|Any CPU
		{553D67C8-F529-460E-A5F8-A97160AC35F2}.Release|Any CPU.Build.0 = Release|Any CPU
		{91532F41-2E83-476D-A969-3EABBC292722}.Debug|Any CPU.ActiveCfg = Debug|Any CPU
		{91532F41-2E83-476D-A969-3EABBC292722}.Debug|Any CPU.Build.0 = Debug|Any CPU
		{91532F41-2E83-476D-A969-3EABBC292722}.Release|Any CPU.ActiveCfg = Release|Any CPU
		{91532F41-2E83-476D-A969-3EABBC292722}.Release|Any CPU.Build.0 = Release|Any CPU
		{B20101C8-8ECE-434F-AC99-397135DF16B6}.Debug|Any CPU.ActiveCfg = Debug|Any CPU
		{B20101C8-8ECE-434F-AC99-397135DF16B6}.Debug|Any CPU.Build.0 = Debug|Any CPU
		{B20101C8-8ECE-434F-AC99-397135DF16B6}.Release|Any CPU.ActiveCfg = Release|Any CPU
		{B20101C8-8ECE-434F-AC99-397135DF16B6}.Release|Any CPU.Build.0 = Release|Any CPU
		{6451A873-1A4C-49CE-A096-029E2ED449CC}.Debug|Any CPU.ActiveCfg = Debug|Any CPU
		{6451A873-1A4C-49CE-A096-029E2ED449CC}.Debug|Any CPU.Build.0 = Debug|Any CPU
		{6451A873-1A4C-49CE-A096-029E2ED449CC}.Release|Any CPU.ActiveCfg = Release|Any CPU
		{6451A873-1A4C-49CE-A096-029E2ED449CC}.Release|Any CPU.Build.0 = Release|Any CPU
		{D907BFA9-D307-44B1-8CDF-D96AC4178B3F}.Debug|Any CPU.ActiveCfg = Debug|Any CPU
		{D907BFA9-D307-44B1-8CDF-D96AC4178B3F}.Debug|Any CPU.Build.0 = Debug|Any CPU
		{D907BFA9-D307-44B1-8CDF-D96AC4178B3F}.Release|Any CPU.ActiveCfg = Release|Any CPU
		{D907BFA9-D307-44B1-8CDF-D96AC4178B3F}.Release|Any CPU.Build.0 = Release|Any CPU
		{1F0ED107-E509-4C79-906D-BC526AE4E5B2}.Debug|Any CPU.ActiveCfg = Debug|Any CPU
		{1F0ED107-E509-4C79-906D-BC526AE4E5B2}.Debug|Any CPU.Build.0 = Debug|Any CPU
		{1F0ED107-E509-4C79-906D-BC526AE4E5B2}.Release|Any CPU.ActiveCfg = Release|Any CPU
		{1F0ED107-E509-4C79-906D-BC526AE4E5B2}.Release|Any CPU.Build.0 = Release|Any CPU
		{FF1726C9-C710-48BD-B1F4-B9E3EE12F2E0}.Debug|Any CPU.ActiveCfg = Debug|Any CPU
		{FF1726C9-C710-48BD-B1F4-B9E3EE12F2E0}.Debug|Any CPU.Build.0 = Debug|Any CPU
		{FF1726C9-C710-48BD-B1F4-B9E3EE12F2E0}.Release|Any CPU.ActiveCfg = Release|Any CPU
		{FF1726C9-C710-48BD-B1F4-B9E3EE12F2E0}.Release|Any CPU.Build.0 = Release|Any CPU
	EndGlobalSection
	GlobalSection(SolutionProperties) = preSolution
		HideSolutionNode = FALSE
	EndGlobalSection
	GlobalSection(NestedProjects) = preSolution
		{404AE747-EA54-45EE-A18A-82C6F72B3C00} = {02EA681E-C7D8-13C7-8484-4AC65E1B71E8}
		{0E1E9404-02CC-4573-AA49-660D24D43902} = {02EA681E-C7D8-13C7-8484-4AC65E1B71E8}
		{3E948CE4-840B-4876-9AA3-AD3CC0284C6A} = {02EA681E-C7D8-13C7-8484-4AC65E1B71E8}
		{C6DF5E1F-13E9-45A7-A34B-E7F352622E45} = {D86AFA1B-5AC1-4638-908C-DE3F5211074A}
		{DF47ABB3-3A2A-43D7-AF0F-05C9BF4B27BC} = {D86AFA1B-5AC1-4638-908C-DE3F5211074A}
		{4C2A97D2-152A-4F88-BBF5-29B856B31EBD} = {D86AFA1B-5AC1-4638-908C-DE3F5211074A}
		{E18452AE-AF93-446E-B88C-5BD7D4043338} = {1D8D8A75-50FD-41A8-8A54-1FEB22EDCADE}
		{68BFA93C-52E5-4AA5-93F2-660A8EEA89A7} = {1D8D8A75-50FD-41A8-8A54-1FEB22EDCADE}
		{553D67C8-F529-460E-A5F8-A97160AC35F2} = {1D8D8A75-50FD-41A8-8A54-1FEB22EDCADE}
		{91532F41-2E83-476D-A969-3EABBC292722} = {6D0D3F4F-876D-4D0A-B6E4-2ECB9274AF8F}
		{B20101C8-8ECE-434F-AC99-397135DF16B6} = {6D0D3F4F-876D-4D0A-B6E4-2ECB9274AF8F}
		{6451A873-1A4C-49CE-A096-029E2ED449CC} = {6D0D3F4F-876D-4D0A-B6E4-2ECB9274AF8F}
		{D907BFA9-D307-44B1-8CDF-D96AC4178B3F} = {CD1BC037-BE97-4381-B5F5-43DDBCCD478E}
		{1F0ED107-E509-4C79-906D-BC526AE4E5B2} = {CD1BC037-BE97-4381-B5F5-43DDBCCD478E}
		{FF1726C9-C710-48BD-B1F4-B9E3EE12F2E0} = {CD1BC037-BE97-4381-B5F5-43DDBCCD478E}
	EndGlobalSection
	GlobalSection(ExtensibilityGlobals) = postSolution
		SolutionGuid = {8312BAC3-284B-4289-946A-1E21647E69BA}
	EndGlobalSection
EndGlobal
